
Microsoft Visual Studio Solution File, Format Version 12.00
# Visual Studio Version 16
VisualStudioVersion = 16.0.32901.82
MinimumVisualStudioVersion = 10.0.40219.1
Project("{FAE04EC0-301F-11D3-BF4B-00C04F79EFBC}") = "FortS13", "FortS13.csproj", "{A42AD2A8-62C8-4C8C-9E8B-4FB9C91158AA}"
EndProject
Global
	GlobalSection(SolutionConfigurationPlatforms) = preSolution
		Debug|Any CPU = Debug|Any CPU
		Release|Any CPU = Release|Any CPU
	EndGlobalSection
	GlobalSection(ProjectConfigurationPlatforms) = postSolution
		{A42AD2A8-62C8-4C8C-9E8B-4FB9C91158AA}.Debug|Any CPU.ActiveCfg = Debug|Any CPU
		{A42AD2A8-62C8-4C8C-9E8B-4FB9C91158AA}.Debug|Any CPU.Build.0 = Debug|Any CPU
		{A42AD2A8-62C8-4C8C-9E8B-4FB9C91158AA}.Release|Any CPU.ActiveCfg = Release|Any CPU
		{A42AD2A8-62C8-4C8C-9E8B-4FB9C91158AA}.Release|Any CPU.Build.0 = Release|Any CPU
	EndGlobalSection
	GlobalSection(SolutionProperties) = preSolution
		HideSolutionNode = FALSE
	EndGlobalSection
	GlobalSection(ExtensibilityGlobals) = postSolution
		SolutionGuid = {347D7046-D69D-420B-9C96-1C080D4C608D}
	EndGlobalSection
EndGlobal
